// !$*UTF8*$!
{
	archiveVersion = 1;
	classes = {
	};
	objectVersion = 48;
	objects = {

/* Begin PBXBuildFile section */
		03AA174E1FC84154003CB2B8 /* AppDelegate.swift in Sources */ = {isa = PBXBuildFile; fileRef = 03AA174D1FC84154003CB2B8 /* AppDelegate.swift */; };
		03AA17531FC84154003CB2B8 /* Main.storyboard in Resources */ = {isa = PBXBuildFile; fileRef = 03AA17511FC84154003CB2B8 /* Main.storyboard */; };
		03AA17561FC84154003CB2B8 /* Agenda.xcdatamodeld in Sources */ = {isa = PBXBuildFile; fileRef = 03AA17541FC84154003CB2B8 /* Agenda.xcdatamodeld */; };
		03AA17581FC84154003CB2B8 /* Assets.xcassets in Resources */ = {isa = PBXBuildFile; fileRef = 03AA17571FC84154003CB2B8 /* Assets.xcassets */; };
		03AA175B1FC84154003CB2B8 /* LaunchScreen.storyboard in Resources */ = {isa = PBXBuildFile; fileRef = 03AA17591FC84154003CB2B8 /* LaunchScreen.storyboard */; };
		03AA17661FC84353003CB2B8 /* HomeTableViewController.swift in Sources */ = {isa = PBXBuildFile; fileRef = 03AA17651FC84353003CB2B8 /* HomeTableViewController.swift */; };
		03AA17681FC843B1003CB2B8 /* HomeTableViewCell.swift in Sources */ = {isa = PBXBuildFile; fileRef = 03AA17671FC843B1003CB2B8 /* HomeTableViewCell.swift */; };
		03AA176D1FC8515A003CB2B8 /* AlunoViewController.swift in Sources */ = {isa = PBXBuildFile; fileRef = 03AA176C1FC8515A003CB2B8 /* AlunoViewController.swift */; };
		A281001A1FD5C2F700E1BDF1 /* ImagePicker.swift in Sources */ = {isa = PBXBuildFile; fileRef = A28100191FD5C2F700E1BDF1 /* ImagePicker.swift */; };
/* End PBXBuildFile section */

/* Begin PBXFileReference section */
		03AA174A1FC84154003CB2B8 /* Agenda.app */ = {isa = PBXFileReference; explicitFileType = wrapper.application; includeInIndex = 0; path = Agenda.app; sourceTree = BUILT_PRODUCTS_DIR; };
		03AA174D1FC84154003CB2B8 /* AppDelegate.swift */ = {isa = PBXFileReference; lastKnownFileType = sourcecode.swift; path = AppDelegate.swift; sourceTree = "<group>"; };
		03AA17521FC84154003CB2B8 /* Base */ = {isa = PBXFileReference; lastKnownFileType = file.storyboard; name = Base; path = Base.lproj/Main.storyboard; sourceTree = "<group>"; };
		03AA17551FC84154003CB2B8 /* Agenda.xcdatamodel */ = {isa = PBXFileReference; lastKnownFileType = wrapper.xcdatamodel; path = Agenda.xcdatamodel; sourceTree = "<group>"; };
		03AA17571FC84154003CB2B8 /* Assets.xcassets */ = {isa = PBXFileReference; lastKnownFileType = folder.assetcatalog; path = Assets.xcassets; sourceTree = "<group>"; };
		03AA175A1FC84154003CB2B8 /* Base */ = {isa = PBXFileReference; lastKnownFileType = file.storyboard; name = Base; path = Base.lproj/LaunchScreen.storyboard; sourceTree = "<group>"; };
		03AA175C1FC84154003CB2B8 /* Info.plist */ = {isa = PBXFileReference; lastKnownFileType = text.plist.xml; path = Info.plist; sourceTree = "<group>"; };
		03AA17651FC84353003CB2B8 /* HomeTableViewController.swift */ = {isa = PBXFileReference; lastKnownFileType = sourcecode.swift; path = HomeTableViewController.swift; sourceTree = "<group>"; };
		03AA17671FC843B1003CB2B8 /* HomeTableViewCell.swift */ = {isa = PBXFileReference; lastKnownFileType = sourcecode.swift; path = HomeTableViewCell.swift; sourceTree = "<group>"; };
		03AA176C1FC8515A003CB2B8 /* AlunoViewController.swift */ = {isa = PBXFileReference; lastKnownFileType = sourcecode.swift; path = AlunoViewController.swift; sourceTree = "<group>"; };
		A28100191FD5C2F700E1BDF1 /* ImagePicker.swift */ = {isa = PBXFileReference; lastKnownFileType = sourcecode.swift; path = ImagePicker.swift; sourceTree = "<group>"; };
/* End PBXFileReference section */

/* Begin PBXFrameworksBuildPhase section */
		03AA17471FC84154003CB2B8 /* Frameworks */ = {
			isa = PBXFrameworksBuildPhase;
			buildActionMask = 2147483647;
			files = (
			);
			runOnlyForDeploymentPostprocessing = 0;
		};
/* End PBXFrameworksBuildPhase section */

/* Begin PBXGroup section */
		03AA17411FC84154003CB2B8 = {
			isa = PBXGroup;
			children = (
				03AA174C1FC84154003CB2B8 /* Agenda */,
				03AA174B1FC84154003CB2B8 /* Products */,
			);
			sourceTree = "<group>";
		};
		03AA174B1FC84154003CB2B8 /* Products */ = {
			isa = PBXGroup;
			children = (
				03AA174A1FC84154003CB2B8 /* Agenda.app */,
			);
			name = Products;
			sourceTree = "<group>";
		};
		03AA174C1FC84154003CB2B8 /* Agenda */ = {
			isa = PBXGroup;
			children = (
				03AA174D1FC84154003CB2B8 /* AppDelegate.swift */,
				03AA17621FC8433E003CB2B8 /* Home */,
				03AA17691FC84A2D003CB2B8 /* Alunos */,
				A28100181FD5C2E300E1BDF1 /* Componentes */,
				03AA17511FC84154003CB2B8 /* Main.storyboard */,
				03AA17571FC84154003CB2B8 /* Assets.xcassets */,
				03AA17591FC84154003CB2B8 /* LaunchScreen.storyboard */,
				03AA175C1FC84154003CB2B8 /* Info.plist */,
				03AA17541FC84154003CB2B8 /* Agenda.xcdatamodeld */,
			);
			path = Agenda;
			sourceTree = "<group>";
		};
		03AA17621FC8433E003CB2B8 /* Home */ = {
			isa = PBXGroup;
			children = (
				03AA17641FC8433E003CB2B8 /* View */,
				03AA17631FC8433E003CB2B8 /* Controller */,
			);
			path = Home;
			sourceTree = "<group>";
		};
		03AA17631FC8433E003CB2B8 /* Controller */ = {
			isa = PBXGroup;
			children = (
				03AA17651FC84353003CB2B8 /* HomeTableViewController.swift */,
			);
			path = Controller;
			sourceTree = "<group>";
		};
		03AA17641FC8433E003CB2B8 /* View */ = {
			isa = PBXGroup;
			children = (
				03AA17671FC843B1003CB2B8 /* HomeTableViewCell.swift */,
			);
			path = View;
			sourceTree = "<group>";
		};
		03AA17691FC84A2D003CB2B8 /* Alunos */ = {
			isa = PBXGroup;
			children = (
				03AA176A1FC84A2D003CB2B8 /* Controller */,
			);
			path = Alunos;
			sourceTree = "<group>";
		};
		03AA176A1FC84A2D003CB2B8 /* Controller */ = {
			isa = PBXGroup;
			children = (
				03AA176C1FC8515A003CB2B8 /* AlunoViewController.swift */,
			);
			path = Controller;
			sourceTree = "<group>";
		};
		A28100181FD5C2E300E1BDF1 /* Componentes */ = {
			isa = PBXGroup;
			children = (
				A28100191FD5C2F700E1BDF1 /* ImagePicker.swift */,
			);
			path = Componentes;
			sourceTree = "<group>";
		};
/* End PBXGroup section */

/* Begin PBXNativeTarget section */
		03AA17491FC84154003CB2B8 /* Agenda */ = {
			isa = PBXNativeTarget;
			buildConfigurationList = 03AA175F1FC84154003CB2B8 /* Build configuration list for PBXNativeTarget "Agenda" */;
			buildPhases = (
				03AA17461FC84154003CB2B8 /* Sources */,
				03AA17471FC84154003CB2B8 /* Frameworks */,
				03AA17481FC84154003CB2B8 /* Resources */,
			);
			buildRules = (
			);
			dependencies = (
			);
			name = Agenda;
			productName = Agenda;
			productReference = 03AA174A1FC84154003CB2B8 /* Agenda.app */;
			productType = "com.apple.product-type.application";
		};
/* End PBXNativeTarget section */

/* Begin PBXProject section */
		03AA17421FC84154003CB2B8 /* Project object */ = {
			isa = PBXProject;
			attributes = {
				LastSwiftUpdateCheck = 0910;
				LastUpgradeCheck = 0910;
				ORGANIZATIONNAME = Alura;
				TargetAttributes = {
					03AA17491FC84154003CB2B8 = {
						CreatedOnToolsVersion = 9.1;
						ProvisioningStyle = Automatic;
					};
				};
			};
			buildConfigurationList = 03AA17451FC84154003CB2B8 /* Build configuration list for PBXProject "Agenda" */;
			compatibilityVersion = "Xcode 8.0";
			developmentRegion = en;
			hasScannedForEncodings = 0;
			knownRegions = (
				en,
				Base,
			);
			mainGroup = 03AA17411FC84154003CB2B8;
			productRefGroup = 03AA174B1FC84154003CB2B8 /* Products */;
			projectDirPath = "";
			projectRoot = "";
			targets = (
				03AA17491FC84154003CB2B8 /* Agenda */,
			);
		};
/* End PBXProject section */

/* Begin PBXResourcesBuildPhase section */
		03AA17481FC84154003CB2B8 /* Resources */ = {
			isa = PBXResourcesBuildPhase;
			buildActionMask = 2147483647;
			files = (
				03AA175B1FC84154003CB2B8 /* LaunchScreen.storyboard in Resources */,
				03AA17581FC84154003CB2B8 /* Assets.xcassets in Resources */,
				03AA17531FC84154003CB2B8 /* Main.storyboard in Resources */,
			);
			runOnlyForDeploymentPostprocessing = 0;
		};
/* End PBXResourcesBuildPhase section */

/* Begin PBXSourcesBuildPhase section */
		03AA17461FC84154003CB2B8 /* Sources */ = {
			isa = PBXSourcesBuildPhase;
			buildActionMask = 2147483647;
			files = (
				03AA176D1FC8515A003CB2B8 /* AlunoViewController.swift in Sources */,
				03AA17661FC84353003CB2B8 /* HomeTableViewController.swift in Sources */,
				03AA17561FC84154003CB2B8 /* Agenda.xcdatamodeld in Sources */,
				A281001A1FD5C2F700E1BDF1 /* ImagePicker.swift in Sources */,
				03AA17681FC843B1003CB2B8 /* HomeTableViewCell.swift in Sources */,
				03AA174E1FC84154003CB2B8 /* AppDelegate.swift in Sources */,
			);
			runOnlyForDeploymentPostprocessing = 0;
		};
/* End PBXSourcesBuildPhase section */

/* Begin PBXVariantGroup section */
		03AA17511FC84154003CB2B8 /* Main.storyboard */ = {
			isa = PBXVariantGroup;
			children = (
				03AA17521FC84154003CB2B8 /* Base */,
			);
			name = Main.storyboard;
			sourceTree = "<group>";
		};
		03AA17591FC84154003CB2B8 /* LaunchScreen.storyboard */ = {
			isa = PBXVariantGroup;
			children = (
				03AA175A1FC84154003CB2B8 /* Base */,
			);
			name = LaunchScreen.storyboard;
			sourceTree = "<group>";
		};
/* End PBXVariantGroup section */

/* Begin XCBuildConfiguration section */
		03AA175D1FC84154003CB2B8 /* Debug */ = {
			isa = XCBuildConfiguration;
			buildSettings = {
				ALWAYS_SEARCH_USER_PATHS = NO;
				CLANG_ANALYZER_NONNULL = YES;
				CLANG_ANALYZER_NUMBER_OBJECT_CONVERSION = YES_AGGRESSIVE;
				CLANG_CXX_LANGUAGE_STANDARD = "gnu++14";
				CLANG_CXX_LIBRARY = "libc++";
				CLANG_ENABLE_MODULES = YES;
				CLANG_ENABLE_OBJC_ARC = YES;
				CLANG_WARN_BLOCK_CAPTURE_AUTORELEASING = YES;
				CLANG_WARN_BOOL_CONVERSION = YES;
				CLANG_WARN_COMMA = YES;
				CLANG_WARN_CONSTANT_CONVERSION = YES;
				CLANG_WARN_DIRECT_OBJC_ISA_USAGE = YES_ERROR;
				CLANG_WARN_DOCUMENTATION_COMMENTS = YES;
				CLANG_WARN_EMPTY_BODY = YES;
				CLANG_WARN_ENUM_CONVERSION = YES;
				CLANG_WARN_INFINITE_RECURSION = YES;
				CLANG_WARN_INT_CONVERSION = YES;
				CLANG_WARN_NON_LITERAL_NULL_CONVERSION = YES;
				CLANG_WARN_OBJC_LITERAL_CONVERSION = YES;
				CLANG_WARN_OBJC_ROOT_CLASS = YES_ERROR;
				CLANG_WARN_RANGE_LOOP_ANALYSIS = YES;
				CLANG_WARN_STRICT_PROTOTYPES = YES;
				CLANG_WARN_SUSPICIOUS_MOVE = YES;
				CLANG_WARN_UNGUARDED_AVAILABILITY = YES_AGGRESSIVE;
				CLANG_WARN_UNREACHABLE_CODE = YES;
				CLANG_WARN__DUPLICATE_METHOD_MATCH = YES;
				CODE_SIGN_IDENTITY = "iPhone Developer";
				COPY_PHASE_STRIP = NO;
				DEBUG_INFORMATION_FORMAT = dwarf;
				ENABLE_STRICT_OBJC_MSGSEND = YES;
				ENABLE_TESTABILITY = YES;
				GCC_C_LANGUAGE_STANDARD = gnu11;
				GCC_DYNAMIC_NO_PIC = NO;
				GCC_NO_COMMON_BLOCKS = YES;
				GCC_OPTIMIZATION_LEVEL = 0;
				GCC_PREPROCESSOR_DEFINITIONS = (
					"DEBUG=1",
					"$(inherited)",
				);
				GCC_WARN_64_TO_32_BIT_CONVERSION = YES;
				GCC_WARN_ABOUT_RETURN_TYPE = YES_ERROR;
				GCC_WARN_UNDECLARED_SELECTOR = YES;
				GCC_WARN_UNINITIALIZED_AUTOS = YES_AGGRESSIVE;
				GCC_WARN_UNUSED_FUNCTION = YES;
				GCC_WARN_UNUSED_VARIABLE = YES;
				IPHONEOS_DEPLOYMENT_TARGET = 11.1;
				MTL_ENABLE_DEBUG_INFO = YES;
				ONLY_ACTIVE_ARCH = YES;
				SDKROOT = iphoneos;
				SWIFT_ACTIVE_COMPILATION_CONDITIONS = DEBUG;
				SWIFT_OPTIMIZATION_LEVEL = "-Onone";
			};
			name = Debug;
		};
		03AA175E1FC84154003CB2B8 /* Release */ = {
			isa = XCBuildConfiguration;
			buildSettings = {
				ALWAYS_SEARCH_USER_PATHS = NO;
				CLANG_ANALYZER_NONNULL = YES;
				CLANG_ANALYZER_NUMBER_OBJECT_CONVERSION = YES_AGGRESSIVE;
				CLANG_CXX_LANGUAGE_STANDARD = "gnu++14";
				CLANG_CXX_LIBRARY = "libc++";
				CLANG_ENABLE_MODULES = YES;
				CLANG_ENABLE_OBJC_ARC = YES;
				CLANG_WARN_BLOCK_CAPTURE_AUTORELEASING = YES;
				CLANG_WARN_BOOL_CONVERSION = YES;
				CLANG_WARN_COMMA = YES;
				CLANG_WARN_CONSTANT_CONVERSION = YES;
				CLANG_WARN_DIRECT_OBJC_ISA_USAGE = YES_ERROR;
				CLANG_WARN_DOCUMENTATION_COMMENTS = YES;
				CLANG_WARN_EMPTY_BODY = YES;
				CLANG_WARN_ENUM_CONVERSION = YES;
				CLANG_WARN_INFINITE_RECURSION = YES;
				CLANG_WARN_INT_CONVERSION = YES;
				CLANG_WARN_NON_LITERAL_NULL_CONVERSION = YES;
				CLANG_WARN_OBJC_LITERAL_CONVERSION = YES;
				CLANG_WARN_OBJC_ROOT_CLASS = YES_ERROR;
				CLANG_WARN_RANGE_LOOP_ANALYSIS = YES;
				CLANG_WARN_STRICT_PROTOTYPES = YES;
				CLANG_WARN_SUSPICIOUS_MOVE = YES;
				CLANG_WARN_UNGUARDED_AVAILABILITY = YES_AGGRESSIVE;
				CLANG_WARN_UNREACHABLE_CODE = YES;
				CLANG_WARN__DUPLICATE_METHOD_MATCH = YES;
				CODE_SIGN_IDENTITY = "iPhone Developer";
				COPY_PHASE_STRIP = NO;
				DEBUG_INFORMATION_FORMAT = "dwarf-with-dsym";
				ENABLE_NS_ASSERTIONS = NO;
				ENABLE_STRICT_OBJC_MSGSEND = YES;
				GCC_C_LANGUAGE_STANDARD = gnu11;
				GCC_NO_COMMON_BLOCKS = YES;
				GCC_WARN_64_TO_32_BIT_CONVERSION = YES;
				GCC_WARN_ABOUT_RETURN_TYPE = YES_ERROR;
				GCC_WARN_UNDECLARED_SELECTOR = YES;
				GCC_WARN_UNINITIALIZED_AUTOS = YES_AGGRESSIVE;
				GCC_WARN_UNUSED_FUNCTION = YES;
				GCC_WARN_UNUSED_VARIABLE = YES;
				IPHONEOS_DEPLOYMENT_TARGET = 11.1;
				MTL_ENABLE_DEBUG_INFO = NO;
				SDKROOT = iphoneos;
				SWIFT_OPTIMIZATION_LEVEL = "-Owholemodule";
				VALIDATE_PRODUCT = YES;
			};
			name = Release;
		};
		03AA17601FC84154003CB2B8 /* Debug */ = {
			isa = XCBuildConfiguration;
			buildSettings = {
				ASSETCATALOG_COMPILER_APPICON_NAME = AppIcon;
				CODE_SIGN_STYLE = Automatic;
				DEVELOPMENT_TEAM = LF4G5DZZMF;
				INFOPLIST_FILE = Agenda/Info.plist;
				LD_RUNPATH_SEARCH_PATHS = "$(inherited) @executable_path/Frameworks";
				PRODUCT_BUNDLE_IDENTIFIER = apps.Agenda;
				PRODUCT_NAME = "$(TARGET_NAME)";
				SWIFT_VERSION = 4.0;
				TARGETED_DEVICE_FAMILY = "1,2";
			};
			name = Debug;
		};
		03AA17611FC84154003CB2B8 /* Release */ = {
			isa = XCBuildConfiguration;
			buildSettings = {
				ASSETCATALOG_COMPILER_APPICON_NAME = AppIcon;
				CODE_SIGN_STYLE = Automatic;
				DEVELOPMENT_TEAM = LF4G5DZZMF;
				INFOPLIST_FILE = Agenda/Info.plist;
				LD_RUNPATH_SEARCH_PATHS = "$(inherited) @executable_path/Frameworks";
				PRODUCT_BUNDLE_IDENTIFIER = apps.Agenda;
				PRODUCT_NAME = "$(TARGET_NAME)";
				SWIFT_VERSION = 4.0;
				TARGETED_DEVICE_FAMILY = "1,2";
			};
			name = Release;
		};
/* End XCBuildConfiguration section */

/* Begin XCConfigurationList section */
		03AA17451FC84154003CB2B8 /* Build configuration list for PBXProject "Agenda" */ = {
			isa = XCConfigurationList;
			buildConfigurations = (
				03AA175D1FC84154003CB2B8 /* Debug */,
				03AA175E1FC84154003CB2B8 /* Release */,
			);
			defaultConfigurationIsVisible = 0;
			defaultConfigurationName = Release;
		};
		03AA175F1FC84154003CB2B8 /* Build configuration list for PBXNativeTarget "Agenda" */ = {
			isa = XCConfigurationList;
			buildConfigurations = (
				03AA17601FC84154003CB2B8 /* Debug */,
				03AA17611FC84154003CB2B8 /* Release */,
			);
			defaultConfigurationIsVisible = 0;
			defaultConfigurationName = Release;
		};
/* End XCConfigurationList section */

/* Begin XCVersionGroup section */
		03AA17541FC84154003CB2B8 /* Agenda.xcdatamodeld */ = {
			isa = XCVersionGroup;
			children = (
				03AA17551FC84154003CB2B8 /* Agenda.xcdatamodel */,
			);
			currentVersion = 03AA17551FC84154003CB2B8 /* Agenda.xcdatamodel */;
			path = Agenda.xcdatamodeld;
			sourceTree = "<group>";
			versionGroupType = wrapper.xcdatamodel;
		};
/* End XCVersionGroup section */
	};
	rootObject = 03AA17421FC84154003CB2B8 /* Project object */;
}
